{
    "_readme": [
        "This file locks the dependencies of your project to a known state",
        "Read more about it at https://getcomposer.org/doc/01-basic-usage.md#installing-dependencies",
        "This file is @generated automatically"
    ],
    "content-hash": "21ae367c19eec741a3289b0750310b46",
    "packages": [
        {
            "name": "amnuts/opcache-gui",
            "version": "3.3.1",
            "source": {
                "type": "git",
                "url": "https://github.com/amnuts/opcache-gui.git",
                "reference": "06ddd7d007298bc42fada1a956ca5ebbf04dc5a1"
            },
            "dist": {
                "type": "zip",
                "url": "https://api.github.com/repos/amnuts/opcache-gui/zipball/06ddd7d007298bc42fada1a956ca5ebbf04dc5a1",
                "reference": "06ddd7d007298bc42fada1a956ca5ebbf04dc5a1",
                "shasum": ""
            },
            "require": {
                "ext-json": "*",
                "ext-zend-opcache": "*",
                "php": ">=7.1.0"
            },
            "type": "library",
            "autoload": {
                "psr-4": {
                    "Amnuts\\": "src/"
                }
            },
            "notification-url": "https://packagist.org/downloads/",
            "license": [
                "MIT"
            ],
            "authors": [
                {
                    "name": "Andrew Collington",
                    "email": "andy@amnuts.com",
                    "homepage": "https://blog.amnuts.com/",
                    "role": "Developer"
                },
                {
                    "name": "Contributors",
                    "homepage": "https://github.com/amnuts/opcache-gui/graphs/contributors"
                }
            ],
            "description": "A clean, effective and responsive interface for Zend OPcache, with real(ish)-time monitoring, filtering and the ability to invalidate files",
            "keywords": [
                "Opcache",
                "cache",
                "gui",
                "interface",
                "opcodes"
            ],
            "support": {
                "email": "andy@amnuts.com",
                "issues": "https://github.com/amnuts/opcache-gui/issues",
                "source": "https://github.com/amnuts/opcache-gui/tree/3.3.1"
            },
            "funding": [
                {
                    "url": "https://github.com/amnuts",
                    "type": "github"
                }
            ],
            "time": "2022-01-09T23:48:23+00:00"
        },
        {
            "name": "bcosca/fatfree-core",
            "version": "3.8.0",
            "source": {
                "type": "git",
                "url": "https://github.com/bcosca/fatfree-core.git",
                "reference": "cdd878db018280369b643fce62f70e55044f9ac4"
            },
            "dist": {
                "type": "zip",
                "url": "https://api.github.com/repos/bcosca/fatfree-core/zipball/cdd878db018280369b643fce62f70e55044f9ac4",
                "reference": "cdd878db018280369b643fce62f70e55044f9ac4",
                "shasum": ""
            },
            "require": {
                "php": ">=5.4"
            },
            "type": "library",
            "autoload": {
                "classmap": [
                    "."
                ]
            },
            "notification-url": "https://packagist.org/downloads/",
            "license": [
                "GPL-3.0"
            ],
            "description": "A powerful yet easy-to-use PHP micro-framework designed to help you build dynamic and robust Web applications - fast!",
            "homepage": "http://fatfreeframework.com/",
            "support": {
                "issues": "https://github.com/bcosca/fatfree-core/issues",
                "source": "https://github.com/bcosca/fatfree-core/tree/3.8.0"
            },
            "time": "2022-02-15T16:59:01+00:00"
        }
    ],
    "packages-dev": [],
    "aliases": [],
    "minimum-stability": "stable",
    "stability-flags": [],
    "prefer-stable": false,
    "prefer-lowest": false,
    "platform": [],
    "platform-dev": [],
    "plugin-api-version": "2.3.0"
}
